
Microsoft Visual Studio Solution File, Format Version 12.00
# Visual Studio 15
VisualStudioVersion = 15.0.27703.1
MinimumVisualStudioVersion = 10.0.40219.1
Project("{FAE04EC0-301F-11D3-BF4B-00C04F79EFBC}") = "L01_Task02", "L01_Task02\L01_Task02.csproj", "{569BBD15-FD4E-43EE-85CD-9CADD636F2C3}"
EndProject
Project("{FAE04EC0-301F-11D3-BF4B-00C04F79EFBC}") = "L02_TaskAdd01", "..\L02_TaskAdd01\L02_TaskAdd01\L02_TaskAdd01.csproj", "{D80F8527-0185-4F44-96E4-50AE6199D509}"
EndProject
Project("{FAE04EC0-301F-11D3-BF4B-00C04F79EFBC}") = "L02_Task02", "..\L02_Task02\L02_Task02.csproj", "{D2FA6D7C-4FB3-426C-9D6B-C4D4C263B8CF}"
EndProject
Project("{FAE04EC0-301F-11D3-BF4B-00C04F79EFBC}") = "L02_Task03", "..\L02_Task03\L02_Task03.csproj", "{F61F6F54-0222-4D47-A2DA-0A689C198199}"
EndProject
Project("{FAE04EC0-301F-11D3-BF4B-00C04F79EFBC}") = "L02_Task04", "..\L02_Task04\L02_Task04.csproj", "{A6D18187-E38E-4E0D-B4C3-31E19BD4AFA1}"
EndProject
Project("{FAE04EC0-301F-11D3-BF4B-00C04F79EFBC}") = "L01_TaskAdd01", "..\L01_TaskAdd01\L01_TaskAdd01.csproj", "{694CC174-5DBA-4F5F-8055-A6AFA1C9215E}"
EndProject
Project("{FAE04EC0-301F-11D3-BF4B-00C04F79EFBC}") = "L01_Task03", "..\L01_Task03\L01_Task03.csproj", "{A5701B87-093D-4F59-B998-4A94F1994F40}"
EndProject
Project("{FAE04EC0-301F-11D3-BF4B-00C04F79EFBC}") = "L03_TaskAdd01", "..\L03_TaskAdd01\L03_TaskAdd01.csproj", "{57A9737D-7414-4AD2-8F65-A0D138C28F57}"
EndProject
Project("{FAE04EC0-301F-11D3-BF4B-00C04F79EFBC}") = "L03_Task02", "..\L03_Task02\L03_Task02.csproj", "{416567A7-C8E9-47DF-A837-4672E1702427}"
EndProject
Project("{FAE04EC0-301F-11D3-BF4B-00C04F79EFBC}") = "L03_Task03", "..\L03_Task03\L03_Task03.csproj", "{D59582AF-7C43-40F1-BDDD-4E468144890F}"
EndProject
Project("{FAE04EC0-301F-11D3-BF4B-00C04F79EFBC}") = "L03_Task04", "..\L03_Task04\L03_Task04.csproj", "{0665A6F6-8C17-4203-AA06-02457F79FFA2}"
EndProject
Project("{FAE04EC0-301F-11D3-BF4B-00C04F79EFBC}") = "L04_TaskAdd01", "..\L04_TaskAdd01\L04_TaskAdd01.csproj", "{0F0AF5DC-9783-4F2D-8CFD-C57621AC4452}"
EndProject
Project("{FAE04EC0-301F-11D3-BF4B-00C04F79EFBC}") = "L04_Task03", "..\L04_Task03\L04_Task03.csproj", "{9F062950-A8C4-4284-BD2F-AFBAF8ABEA63}"
EndProject
Project("{FAE04EC0-301F-11D3-BF4B-00C04F79EFBC}") = "L05_TaskAdd01", "..\L05_TaskAdd01\L05_TaskAdd01.csproj", "{5E7892A8-6D40-42AD-AE9B-932AB5AC76CD}"
EndProject
Project("{FAE04EC0-301F-11D3-BF4B-00C04F79EFBC}") = "L05_Task03", "..\L05_Task03\L05_Task03.csproj", "{0BD5FCDA-1477-4DD2-810B-D70A65081A13}"
EndProject
Project("{FAE04EC0-301F-11D3-BF4B-00C04F79EFBC}") = "L05_Task02", "..\L05_Task02\L05_Task02.csproj", "{B4B8C9FF-DA00-486F-88D4-CF3609F1C838}"
EndProject
Project("{FAE04EC0-301F-11D3-BF4B-00C04F79EFBC}") = "L06_Task02", "..\L06_Task02\L06_Task02.csproj", "{F630CEF7-DBC7-4C49-B966-DAB8DD12D814}"
EndProject
Project("{FAE04EC0-301F-11D3-BF4B-00C04F79EFBC}") = "L06_Task03", "..\L06_Task03\L06_Task03.csproj", "{107E8967-3F91-4F9A-880F-91F9FA959FC9}"
EndProject
Project("{FAE04EC0-301F-11D3-BF4B-00C04F79EFBC}") = "L05_Task04", "..\L05_Task04\L05_Task04.csproj", "{54F28685-60BD-4F53-8ADE-3BE55F51D3A4}"
EndProject
Project("{FAE04EC0-301F-11D3-BF4B-00C04F79EFBC}") = "L04_Task02", "..\L04_Task02\L04_Task02.csproj", "{2824659C-4E4C-4E90-BC8B-1C977DBB659A}"
EndProject
Project("{FAE04EC0-301F-11D3-BF4B-00C04F79EFBC}") = "L04_Task04", "..\L04_Task04\L04_Task04.csproj", "{A3605EAF-7966-4879-980F-69A34CD871A6}"
EndProject
Project("{FAE04EC0-301F-11D3-BF4B-00C04F79EFBC}") = "L11_Task01", "..\L11_Task01\L11_Task01.csproj", "{9B5BCBCD-A0CC-4345-B0E5-344950F5C4F9}"
EndProject
Project("{FAE04EC0-301F-11D3-BF4B-00C04F79EFBC}") = "L11_Task02", "..\L11_Task02\L11_Task02.csproj", "{3670AC2B-D3DB-42EA-8966-3CB436761656}"
EndProject
Project("{FAE04EC0-301F-11D3-BF4B-00C04F79EFBC}") = "L10_Task02", "..\L10_Task02\L10_Task02.csproj", "{FBBF0DF9-1478-433A-B7AF-77264D86A72A}"
EndProject
Project("{FAE04EC0-301F-11D3-BF4B-00C04F79EFBC}") = "L10_TaskAdd01", "..\L10_TaskAdd01\L10_TaskAdd01.csproj", "{9E9E276A-2FBD-4B8B-ADBD-6DDCF340AD38}"
EndProject
Project("{FAE04EC0-301F-11D3-BF4B-00C04F79EFBC}") = "L08_TaskAdd01", "..\L08_TaskAdd01\L08_TaskAdd01.csproj", "{DBB7E613-B3AC-42FF-AC34-AF5DB5B1BE65}"
EndProject
Project("{FAE04EC0-301F-11D3-BF4B-00C04F79EFBC}") = "L08_Task02", "..\L08_Task02\L08_Task02.csproj", "{9AEAB805-618D-46CC-9CE6-CEF0A1686626}"
EndProject
Project("{FAE04EC0-301F-11D3-BF4B-00C04F79EFBC}") = "L08_Task03", "..\L08_Task03\L08_Task03.csproj", "{7BE2A71C-B038-454E-AB9E-1D53B29C945D}"
EndProject
Project("{FAE04EC0-301F-11D3-BF4B-00C04F79EFBC}") = "L07_Task02", "..\L07_Task02\L07_Task02.csproj", "{24BC7470-9F13-470B-8DDD-C8F776D7D13B}"
EndProject
Project("{FAE04EC0-301F-11D3-BF4B-00C04F79EFBC}") = "L07_TaskAdd01", "..\L07_TaskAdd01\L07_TaskAdd01.csproj", "{FAFF5053-763D-445B-94C2-E1B1E07AF372}"
EndProject
Project("{FAE04EC0-301F-11D3-BF4B-00C04F79EFBC}") = "L07_Task03", "..\L07_Task03\L07_Task03.csproj", "{6FFC8C86-07A3-4A16-89F8-AC3EFF30E6E6}"
EndProject
Project("{FAE04EC0-301F-11D3-BF4B-00C04F79EFBC}") = "L12_TaskAdd01", "..\L12_TaskAdd01\L12_TaskAdd01.csproj", "{7D440A7D-4D3A-4E98-AB82-DCC93CA79E66}"
EndProject
Project("{FAE04EC0-301F-11D3-BF4B-00C04F79EFBC}") = "L12_Task02", "..\L12_Task02\L12_Task02.csproj", "{3A89DA47-36F9-4077-BE75-54C81EFBE0D6}"
EndProject
Project("{FAE04EC0-301F-11D3-BF4B-00C04F79EFBC}") = "L12_Task03", "..\L12_Task03\L12_Task03.csproj", "{0108DED4-3738-4997-9754-D74520EBDA5F}"
EndProject
Global
	GlobalSection(SolutionConfigurationPlatforms) = preSolution
		Debug|Any CPU = Debug|Any CPU
		Release|Any CPU = Release|Any CPU
	EndGlobalSection
	GlobalSection(ProjectConfigurationPlatforms) = postSolution
		{569BBD15-FD4E-43EE-85CD-9CADD636F2C3}.Debug|Any CPU.ActiveCfg = Debug|Any CPU
		{569BBD15-FD4E-43EE-85CD-9CADD636F2C3}.Debug|Any CPU.Build.0 = Debug|Any CPU
		{569BBD15-FD4E-43EE-85CD-9CADD636F2C3}.Release|Any CPU.ActiveCfg = Release|Any CPU
		{569BBD15-FD4E-43EE-85CD-9CADD636F2C3}.Release|Any CPU.Build.0 = Release|Any CPU
		{D80F8527-0185-4F44-96E4-50AE6199D509}.Debug|Any CPU.ActiveCfg = Debug|Any CPU
		{D80F8527-0185-4F44-96E4-50AE6199D509}.Debug|Any CPU.Build.0 = Debug|Any CPU
		{D80F8527-0185-4F44-96E4-50AE6199D509}.Release|Any CPU.ActiveCfg = Release|Any CPU
		{D80F8527-0185-4F44-96E4-50AE6199D509}.Release|Any CPU.Build.0 = Release|Any CPU
		{D2FA6D7C-4FB3-426C-9D6B-C4D4C263B8CF}.Debug|Any CPU.ActiveCfg = Debug|Any CPU
		{D2FA6D7C-4FB3-426C-9D6B-C4D4C263B8CF}.Debug|Any CPU.Build.0 = Debug|Any CPU
		{D2FA6D7C-4FB3-426C-9D6B-C4D4C263B8CF}.Release|Any CPU.ActiveCfg = Release|Any CPU
		{D2FA6D7C-4FB3-426C-9D6B-C4D4C263B8CF}.Release|Any CPU.Build.0 = Release|Any CPU
		{F61F6F54-0222-4D47-A2DA-0A689C198199}.Debug|Any CPU.ActiveCfg = Debug|Any CPU
		{F61F6F54-0222-4D47-A2DA-0A689C198199}.Debug|Any CPU.Build.0 = Debug|Any CPU
		{F61F6F54-0222-4D47-A2DA-0A689C198199}.Release|Any CPU.ActiveCfg = Release|Any CPU
		{F61F6F54-0222-4D47-A2DA-0A689C198199}.Release|Any CPU.Build.0 = Release|Any CPU
		{A6D18187-E38E-4E0D-B4C3-31E19BD4AFA1}.Debug|Any CPU.ActiveCfg = Debug|Any CPU
		{A6D18187-E38E-4E0D-B4C3-31E19BD4AFA1}.Debug|Any CPU.Build.0 = Debug|Any CPU
		{A6D18187-E38E-4E0D-B4C3-31E19BD4AFA1}.Release|Any CPU.ActiveCfg = Release|Any CPU
		{A6D18187-E38E-4E0D-B4C3-31E19BD4AFA1}.Release|Any CPU.Build.0 = Release|Any CPU
		{694CC174-5DBA-4F5F-8055-A6AFA1C9215E}.Debug|Any CPU.ActiveCfg = Debug|Any CPU
		{694CC174-5DBA-4F5F-8055-A6AFA1C9215E}.Debug|Any CPU.Build.0 = Debug|Any CPU
		{694CC174-5DBA-4F5F-8055-A6AFA1C9215E}.Release|Any CPU.ActiveCfg = Release|Any CPU
		{694CC174-5DBA-4F5F-8055-A6AFA1C9215E}.Release|Any CPU.Build.0 = Release|Any CPU
		{A5701B87-093D-4F59-B998-4A94F1994F40}.Debug|Any CPU.ActiveCfg = Debug|Any CPU
		{A5701B87-093D-4F59-B998-4A94F1994F40}.Debug|Any CPU.Build.0 = Debug|Any CPU
		{A5701B87-093D-4F59-B998-4A94F1994F40}.Release|Any CPU.ActiveCfg = Release|Any CPU
		{A5701B87-093D-4F59-B998-4A94F1994F40}.Release|Any CPU.Build.0 = Release|Any CPU
		{57A9737D-7414-4AD2-8F65-A0D138C28F57}.Debug|Any CPU.ActiveCfg = Debug|Any CPU
		{57A9737D-7414-4AD2-8F65-A0D138C28F57}.Debug|Any CPU.Build.0 = Debug|Any CPU
		{57A9737D-7414-4AD2-8F65-A0D138C28F57}.Release|Any CPU.ActiveCfg = Release|Any CPU
		{57A9737D-7414-4AD2-8F65-A0D138C28F57}.Release|Any CPU.Build.0 = Release|Any CPU
		{416567A7-C8E9-47DF-A837-4672E1702427}.Debug|Any CPU.ActiveCfg = Debug|Any CPU
		{416567A7-C8E9-47DF-A837-4672E1702427}.Debug|Any CPU.Build.0 = Debug|Any CPU
		{416567A7-C8E9-47DF-A837-4672E1702427}.Release|Any CPU.ActiveCfg = Release|Any CPU
		{416567A7-C8E9-47DF-A837-4672E1702427}.Release|Any CPU.Build.0 = Release|Any CPU
		{D59582AF-7C43-40F1-BDDD-4E468144890F}.Debug|Any CPU.ActiveCfg = Debug|Any CPU
		{D59582AF-7C43-40F1-BDDD-4E468144890F}.Debug|Any CPU.Build.0 = Debug|Any CPU
		{D59582AF-7C43-40F1-BDDD-4E468144890F}.Release|Any CPU.ActiveCfg = Release|Any CPU
		{D59582AF-7C43-40F1-BDDD-4E468144890F}.Release|Any CPU.Build.0 = Release|Any CPU
		{0665A6F6-8C17-4203-AA06-02457F79FFA2}.Debug|Any CPU.ActiveCfg = Debug|Any CPU
		{0665A6F6-8C17-4203-AA06-02457F79FFA2}.Debug|Any CPU.Build.0 = Debug|Any CPU
		{0665A6F6-8C17-4203-AA06-02457F79FFA2}.Release|Any CPU.ActiveCfg = Release|Any CPU
		{0665A6F6-8C17-4203-AA06-02457F79FFA2}.Release|Any CPU.Build.0 = Release|Any CPU
		{0F0AF5DC-9783-4F2D-8CFD-C57621AC4452}.Debug|Any CPU.ActiveCfg = Debug|Any CPU
		{0F0AF5DC-9783-4F2D-8CFD-C57621AC4452}.Debug|Any CPU.Build.0 = Debug|Any CPU
		{0F0AF5DC-9783-4F2D-8CFD-C57621AC4452}.Release|Any CPU.ActiveCfg = Release|Any CPU
		{0F0AF5DC-9783-4F2D-8CFD-C57621AC4452}.Release|Any CPU.Build.0 = Release|Any CPU
		{9F062950-A8C4-4284-BD2F-AFBAF8ABEA63}.Debug|Any CPU.ActiveCfg = Debug|Any CPU
		{9F062950-A8C4-4284-BD2F-AFBAF8ABEA63}.Debug|Any CPU.Build.0 = Debug|Any CPU
		{9F062950-A8C4-4284-BD2F-AFBAF8ABEA63}.Release|Any CPU.ActiveCfg = Release|Any CPU
		{9F062950-A8C4-4284-BD2F-AFBAF8ABEA63}.Release|Any CPU.Build.0 = Release|Any CPU
		{5E7892A8-6D40-42AD-AE9B-932AB5AC76CD}.Debug|Any CPU.ActiveCfg = Debug|Any CPU
		{5E7892A8-6D40-42AD-AE9B-932AB5AC76CD}.Debug|Any CPU.Build.0 = Debug|Any CPU
		{5E7892A8-6D40-42AD-AE9B-932AB5AC76CD}.Release|Any CPU.ActiveCfg = Release|Any CPU
		{5E7892A8-6D40-42AD-AE9B-932AB5AC76CD}.Release|Any CPU.Build.0 = Release|Any CPU
		{0BD5FCDA-1477-4DD2-810B-D70A65081A13}.Debug|Any CPU.ActiveCfg = Debug|Any CPU
		{0BD5FCDA-1477-4DD2-810B-D70A65081A13}.Debug|Any CPU.Build.0 = Debug|Any CPU
		{0BD5FCDA-1477-4DD2-810B-D70A65081A13}.Release|Any CPU.ActiveCfg = Release|Any CPU
		{0BD5FCDA-1477-4DD2-810B-D70A65081A13}.Release|Any CPU.Build.0 = Release|Any CPU
		{B4B8C9FF-DA00-486F-88D4-CF3609F1C838}.Debug|Any CPU.ActiveCfg = Debug|Any CPU
		{B4B8C9FF-DA00-486F-88D4-CF3609F1C838}.Debug|Any CPU.Build.0 = Debug|Any CPU
		{B4B8C9FF-DA00-486F-88D4-CF3609F1C838}.Release|Any CPU.ActiveCfg = Release|Any CPU
		{B4B8C9FF-DA00-486F-88D4-CF3609F1C838}.Release|Any CPU.Build.0 = Release|Any CPU
		{F630CEF7-DBC7-4C49-B966-DAB8DD12D814}.Debug|Any CPU.ActiveCfg = Debug|Any CPU
		{F630CEF7-DBC7-4C49-B966-DAB8DD12D814}.Debug|Any CPU.Build.0 = Debug|Any CPU
		{F630CEF7-DBC7-4C49-B966-DAB8DD12D814}.Release|Any CPU.ActiveCfg = Release|Any CPU
		{F630CEF7-DBC7-4C49-B966-DAB8DD12D814}.Release|Any CPU.Build.0 = Release|Any CPU
		{107E8967-3F91-4F9A-880F-91F9FA959FC9}.Debug|Any CPU.ActiveCfg = Debug|Any CPU
		{107E8967-3F91-4F9A-880F-91F9FA959FC9}.Debug|Any CPU.Build.0 = Debug|Any CPU
		{107E8967-3F91-4F9A-880F-91F9FA959FC9}.Release|Any CPU.ActiveCfg = Release|Any CPU
		{107E8967-3F91-4F9A-880F-91F9FA959FC9}.Release|Any CPU.Build.0 = Release|Any CPU
		{54F28685-60BD-4F53-8ADE-3BE55F51D3A4}.Debug|Any CPU.ActiveCfg = Debug|Any CPU
		{54F28685-60BD-4F53-8ADE-3BE55F51D3A4}.Debug|Any CPU.Build.0 = Debug|Any CPU
		{54F28685-60BD-4F53-8ADE-3BE55F51D3A4}.Release|Any CPU.ActiveCfg = Release|Any CPU
		{54F28685-60BD-4F53-8ADE-3BE55F51D3A4}.Release|Any CPU.Build.0 = Release|Any CPU
		{2824659C-4E4C-4E90-BC8B-1C977DBB659A}.Debug|Any CPU.ActiveCfg = Debug|Any CPU
		{2824659C-4E4C-4E90-BC8B-1C977DBB659A}.Debug|Any CPU.Build.0 = Debug|Any CPU
		{2824659C-4E4C-4E90-BC8B-1C977DBB659A}.Release|Any CPU.ActiveCfg = Release|Any CPU
		{2824659C-4E4C-4E90-BC8B-1C977DBB659A}.Release|Any CPU.Build.0 = Release|Any CPU
		{A3605EAF-7966-4879-980F-69A34CD871A6}.Debug|Any CPU.ActiveCfg = Debug|Any CPU
		{A3605EAF-7966-4879-980F-69A34CD871A6}.Debug|Any CPU.Build.0 = Debug|Any CPU
		{A3605EAF-7966-4879-980F-69A34CD871A6}.Release|Any CPU.ActiveCfg = Release|Any CPU
		{A3605EAF-7966-4879-980F-69A34CD871A6}.Release|Any CPU.Build.0 = Release|Any CPU
		{9B5BCBCD-A0CC-4345-B0E5-344950F5C4F9}.Debug|Any CPU.ActiveCfg = Debug|Any CPU
		{9B5BCBCD-A0CC-4345-B0E5-344950F5C4F9}.Debug|Any CPU.Build.0 = Debug|Any CPU
		{9B5BCBCD-A0CC-4345-B0E5-344950F5C4F9}.Release|Any CPU.ActiveCfg = Release|Any CPU
		{9B5BCBCD-A0CC-4345-B0E5-344950F5C4F9}.Release|Any CPU.Build.0 = Release|Any CPU
		{3670AC2B-D3DB-42EA-8966-3CB436761656}.Debug|Any CPU.ActiveCfg = Debug|Any CPU
		{3670AC2B-D3DB-42EA-8966-3CB436761656}.Debug|Any CPU.Build.0 = Debug|Any CPU
		{3670AC2B-D3DB-42EA-8966-3CB436761656}.Release|Any CPU.ActiveCfg = Release|Any CPU
		{3670AC2B-D3DB-42EA-8966-3CB436761656}.Release|Any CPU.Build.0 = Release|Any CPU
		{FBBF0DF9-1478-433A-B7AF-77264D86A72A}.Debug|Any CPU.ActiveCfg = Debug|Any CPU
		{FBBF0DF9-1478-433A-B7AF-77264D86A72A}.Debug|Any CPU.Build.0 = Debug|Any CPU
		{FBBF0DF9-1478-433A-B7AF-77264D86A72A}.Release|Any CPU.ActiveCfg = Release|Any CPU
		{FBBF0DF9-1478-433A-B7AF-77264D86A72A}.Release|Any CPU.Build.0 = Release|Any CPU
		{9E9E276A-2FBD-4B8B-ADBD-6DDCF340AD38}.Debug|Any CPU.ActiveCfg = Debug|Any CPU
		{9E9E276A-2FBD-4B8B-ADBD-6DDCF340AD38}.Debug|Any CPU.Build.0 = Debug|Any CPU
		{9E9E276A-2FBD-4B8B-ADBD-6DDCF340AD38}.Release|Any CPU.ActiveCfg = Release|Any CPU
		{9E9E276A-2FBD-4B8B-ADBD-6DDCF340AD38}.Release|Any CPU.Build.0 = Release|Any CPU
		{DBB7E613-B3AC-42FF-AC34-AF5DB5B1BE65}.Debug|Any CPU.ActiveCfg = Debug|Any CPU
		{DBB7E613-B3AC-42FF-AC34-AF5DB5B1BE65}.Debug|Any CPU.Build.0 = Debug|Any CPU
		{DBB7E613-B3AC-42FF-AC34-AF5DB5B1BE65}.Release|Any CPU.ActiveCfg = Release|Any CPU
		{DBB7E613-B3AC-42FF-AC34-AF5DB5B1BE65}.Release|Any CPU.Build.0 = Release|Any CPU
		{9AEAB805-618D-46CC-9CE6-CEF0A1686626}.Debug|Any CPU.ActiveCfg = Debug|Any CPU
		{9AEAB805-618D-46CC-9CE6-CEF0A1686626}.Debug|Any CPU.Build.0 = Debug|Any CPU
		{9AEAB805-618D-46CC-9CE6-CEF0A1686626}.Release|Any CPU.ActiveCfg = Release|Any CPU
		{9AEAB805-618D-46CC-9CE6-CEF0A1686626}.Release|Any CPU.Build.0 = Release|Any CPU
		{7BE2A71C-B038-454E-AB9E-1D53B29C945D}.Debug|Any CPU.ActiveCfg = Debug|Any CPU
		{7BE2A71C-B038-454E-AB9E-1D53B29C945D}.Debug|Any CPU.Build.0 = Debug|Any CPU
		{7BE2A71C-B038-454E-AB9E-1D53B29C945D}.Release|Any CPU.ActiveCfg = Release|Any CPU
		{7BE2A71C-B038-454E-AB9E-1D53B29C945D}.Release|Any CPU.Build.0 = Release|Any CPU
		{24BC7470-9F13-470B-8DDD-C8F776D7D13B}.Debug|Any CPU.ActiveCfg = Debug|Any CPU
		{24BC7470-9F13-470B-8DDD-C8F776D7D13B}.Debug|Any CPU.Build.0 = Debug|Any CPU
		{24BC7470-9F13-470B-8DDD-C8F776D7D13B}.Release|Any CPU.ActiveCfg = Release|Any CPU
		{24BC7470-9F13-470B-8DDD-C8F776D7D13B}.Release|Any CPU.Build.0 = Release|Any CPU
		{FAFF5053-763D-445B-94C2-E1B1E07AF372}.Debug|Any CPU.ActiveCfg = Debug|Any CPU
		{FAFF5053-763D-445B-94C2-E1B1E07AF372}.Debug|Any CPU.Build.0 = Debug|Any CPU
		{FAFF5053-763D-445B-94C2-E1B1E07AF372}.Release|Any CPU.ActiveCfg = Release|Any CPU
		{FAFF5053-763D-445B-94C2-E1B1E07AF372}.Release|Any CPU.Build.0 = Release|Any CPU
		{6FFC8C86-07A3-4A16-89F8-AC3EFF30E6E6}.Debug|Any CPU.ActiveCfg = Debug|Any CPU
		{6FFC8C86-07A3-4A16-89F8-AC3EFF30E6E6}.Debug|Any CPU.Build.0 = Debug|Any CPU
		{6FFC8C86-07A3-4A16-89F8-AC3EFF30E6E6}.Release|Any CPU.ActiveCfg = Release|Any CPU
		{6FFC8C86-07A3-4A16-89F8-AC3EFF30E6E6}.Release|Any CPU.Build.0 = Release|Any CPU
		{7D440A7D-4D3A-4E98-AB82-DCC93CA79E66}.Debug|Any CPU.ActiveCfg = Debug|Any CPU
		{7D440A7D-4D3A-4E98-AB82-DCC93CA79E66}.Debug|Any CPU.Build.0 = Debug|Any CPU
		{7D440A7D-4D3A-4E98-AB82-DCC93CA79E66}.Release|Any CPU.ActiveCfg = Release|Any CPU
		{7D440A7D-4D3A-4E98-AB82-DCC93CA79E66}.Release|Any CPU.Build.0 = Release|Any CPU
		{3A89DA47-36F9-4077-BE75-54C81EFBE0D6}.Debug|Any CPU.ActiveCfg = Debug|Any CPU
		{3A89DA47-36F9-4077-BE75-54C81EFBE0D6}.Debug|Any CPU.Build.0 = Debug|Any CPU
		{3A89DA47-36F9-4077-BE75-54C81EFBE0D6}.Release|Any CPU.ActiveCfg = Release|Any CPU
		{3A89DA47-36F9-4077-BE75-54C81EFBE0D6}.Release|Any CPU.Build.0 = Release|Any CPU
		{0108DED4-3738-4997-9754-D74520EBDA5F}.Debug|Any CPU.ActiveCfg = Debug|Any CPU
		{0108DED4-3738-4997-9754-D74520EBDA5F}.Debug|Any CPU.Build.0 = Debug|Any CPU
		{0108DED4-3738-4997-9754-D74520EBDA5F}.Release|Any CPU.ActiveCfg = Release|Any CPU
		{0108DED4-3738-4997-9754-D74520EBDA5F}.Release|Any CPU.Build.0 = Release|Any CPU
	EndGlobalSection
	GlobalSection(SolutionProperties) = preSolution
		HideSolutionNode = FALSE
	EndGlobalSection
	GlobalSection(ExtensibilityGlobals) = postSolution
		SolutionGuid = {AA1A0C0A-664E-4F88-8AEC-26CF8B6B3ADB}
	EndGlobalSection
EndGlobal
